
Microsoft Visual Studio Solution File, Format Version 12.00
Project("{FAE04EC0-301F-11D3-BF4B-00C04F79EFBC}") = "DashSystem.Core", "DashSystem.Core\DashSystem.Core.csproj", "{F8929163-0ED5-47EF-BFF5-2FF55AF0480D}"
EndProject
Project("{FAE04EC0-301F-11D3-BF4B-00C04F79EFBC}") = "DashSystem.UI", "DashSystem.UI\DashSystem.UI.csproj", "{5584B767-678D-4460-B276-C36C829EA161}"
EndProject
Project("{FAE04EC0-301F-11D3-BF4B-00C04F79EFBC}") = "DashSystem.Controller", "DashSystem.Controller\DashSystem.Controller.csproj", "{77FEAD5F-6B61-4534-B194-E386A1408368}"
EndProject
Project("{FAE04EC0-301F-11D3-BF4B-00C04F79EFBC}") = "DashSystem.Test", "DashSystem.Test\DashSystem.Test.csproj", "{62431720-8556-464B-A9DE-23B7061DD84F}"
EndProject
Global
	GlobalSection(SolutionConfigurationPlatforms) = preSolution
		Debug|Any CPU = Debug|Any CPU
		Release|Any CPU = Release|Any CPU
	EndGlobalSection
	GlobalSection(ProjectConfigurationPlatforms) = postSolution
		{F8929163-0ED5-47EF-BFF5-2FF55AF0480D}.Debug|Any CPU.ActiveCfg = Debug|Any CPU
		{F8929163-0ED5-47EF-BFF5-2FF55AF0480D}.Debug|Any CPU.Build.0 = Debug|Any CPU
		{F8929163-0ED5-47EF-BFF5-2FF55AF0480D}.Release|Any CPU.ActiveCfg = Release|Any CPU
		{F8929163-0ED5-47EF-BFF5-2FF55AF0480D}.Release|Any CPU.Build.0 = Release|Any CPU
		{5584B767-678D-4460-B276-C36C829EA161}.Debug|Any CPU.ActiveCfg = Debug|Any CPU
		{5584B767-678D-4460-B276-C36C829EA161}.Debug|Any CPU.Build.0 = Debug|Any CPU
		{5584B767-678D-4460-B276-C36C829EA161}.Release|Any CPU.ActiveCfg = Release|Any CPU
		{5584B767-678D-4460-B276-C36C829EA161}.Release|Any CPU.Build.0 = Release|Any CPU
		{77FEAD5F-6B61-4534-B194-E386A1408368}.Debug|Any CPU.ActiveCfg = Debug|Any CPU
		{77FEAD5F-6B61-4534-B194-E386A1408368}.Debug|Any CPU.Build.0 = Debug|Any CPU
		{77FEAD5F-6B61-4534-B194-E386A1408368}.Release|Any CPU.ActiveCfg = Release|Any CPU
		{77FEAD5F-6B61-4534-B194-E386A1408368}.Release|Any CPU.Build.0 = Release|Any CPU
		{62431720-8556-464B-A9DE-23B7061DD84F}.Debug|Any CPU.ActiveCfg = Debug|Any CPU
		{62431720-8556-464B-A9DE-23B7061DD84F}.Debug|Any CPU.Build.0 = Debug|Any CPU
		{62431720-8556-464B-A9DE-23B7061DD84F}.Release|Any CPU.ActiveCfg = Release|Any CPU
		{62431720-8556-464B-A9DE-23B7061DD84F}.Release|Any CPU.Build.0 = Release|Any CPU
	EndGlobalSection
EndGlobal
