
Microsoft Visual Studio Solution File, Format Version 12.00
Project("{FAE04EC0-301F-11D3-BF4B-00C04F79EFBC}") = "Exercise123", "Exercise123\Exercise123.csproj", "{8B98919B-0E03-4AEC-9A2E-3AEE865A6666}"
EndProject
Project("{FAE04EC0-301F-11D3-BF4B-00C04F79EFBC}") = "Exercise4", "Exercise4\Exercise4.csproj", "{E8336BA1-D6B0-4F45-8329-02B181872CAE}"
EndProject
Global
	GlobalSection(SolutionConfigurationPlatforms) = preSolution
		Debug|Any CPU = Debug|Any CPU
		Release|Any CPU = Release|Any CPU
	EndGlobalSection
	GlobalSection(ProjectConfigurationPlatforms) = postSolution
		{8B98919B-0E03-4AEC-9A2E-3AEE865A6666}.Debug|Any CPU.ActiveCfg = Debug|Any CPU
		{8B98919B-0E03-4AEC-9A2E-3AEE865A6666}.Debug|Any CPU.Build.0 = Debug|Any CPU
		{8B98919B-0E03-4AEC-9A2E-3AEE865A6666}.Release|Any CPU.ActiveCfg = Release|Any CPU
		{8B98919B-0E03-4AEC-9A2E-3AEE865A6666}.Release|Any CPU.Build.0 = Release|Any CPU
		{E8336BA1-D6B0-4F45-8329-02B181872CAE}.Debug|Any CPU.ActiveCfg = Debug|Any CPU
		{E8336BA1-D6B0-4F45-8329-02B181872CAE}.Debug|Any CPU.Build.0 = Debug|Any CPU
		{E8336BA1-D6B0-4F45-8329-02B181872CAE}.Release|Any CPU.ActiveCfg = Release|Any CPU
		{E8336BA1-D6B0-4F45-8329-02B181872CAE}.Release|Any CPU.Build.0 = Release|Any CPU
	EndGlobalSection
EndGlobal
