
Microsoft Visual Studio Solution File, Format Version 12.00
Project("{FAE04EC0-301F-11D3-BF4B-00C04F79EFBC}") = "Exercise1", "Exercise1\Exercise1.csproj", "{42733513-227A-4BF3-BD09-E6D8E8EB40EE}"
EndProject
Global
	GlobalSection(SolutionConfigurationPlatforms) = preSolution
		Debug|Any CPU = Debug|Any CPU
		Release|Any CPU = Release|Any CPU
	EndGlobalSection
	GlobalSection(ProjectConfigurationPlatforms) = postSolution
		{42733513-227A-4BF3-BD09-E6D8E8EB40EE}.Debug|Any CPU.ActiveCfg = Debug|Any CPU
		{42733513-227A-4BF3-BD09-E6D8E8EB40EE}.Debug|Any CPU.Build.0 = Debug|Any CPU
		{42733513-227A-4BF3-BD09-E6D8E8EB40EE}.Release|Any CPU.ActiveCfg = Release|Any CPU
		{42733513-227A-4BF3-BD09-E6D8E8EB40EE}.Release|Any CPU.Build.0 = Release|Any CPU
	EndGlobalSection
EndGlobal
