
Microsoft Visual Studio Solution File, Format Version 12.00
Project("{FAE04EC0-301F-11D3-BF4B-00C04F79EFBC}") = "Exercise_1", "Exercise_1\Exercise_1.csproj", "{C5F97E0D-2145-43C0-8189-33D90CBEC49D}"
EndProject
Project("{FAE04EC0-301F-11D3-BF4B-00C04F79EFBC}") = "Exercise_2", "Exercise_2\Exercise_2.csproj", "{D6F27859-4670-46A8-9A21-5F6FBE77DC99}"
EndProject
Global
	GlobalSection(SolutionConfigurationPlatforms) = preSolution
		Debug|Any CPU = Debug|Any CPU
		Release|Any CPU = Release|Any CPU
	EndGlobalSection
	GlobalSection(ProjectConfigurationPlatforms) = postSolution
		{C5F97E0D-2145-43C0-8189-33D90CBEC49D}.Debug|Any CPU.ActiveCfg = Debug|Any CPU
		{C5F97E0D-2145-43C0-8189-33D90CBEC49D}.Debug|Any CPU.Build.0 = Debug|Any CPU
		{C5F97E0D-2145-43C0-8189-33D90CBEC49D}.Release|Any CPU.ActiveCfg = Release|Any CPU
		{C5F97E0D-2145-43C0-8189-33D90CBEC49D}.Release|Any CPU.Build.0 = Release|Any CPU
		{D6F27859-4670-46A8-9A21-5F6FBE77DC99}.Debug|Any CPU.ActiveCfg = Debug|Any CPU
		{D6F27859-4670-46A8-9A21-5F6FBE77DC99}.Debug|Any CPU.Build.0 = Debug|Any CPU
		{D6F27859-4670-46A8-9A21-5F6FBE77DC99}.Release|Any CPU.ActiveCfg = Release|Any CPU
		{D6F27859-4670-46A8-9A21-5F6FBE77DC99}.Release|Any CPU.Build.0 = Release|Any CPU
	EndGlobalSection
EndGlobal
